schema: '2.0'
stages:
  split:
    cmd: python split.py photos.csv photos-train.csv photos-test.csv
    deps:
    - path: photos.csv
      md5: a181e156773daf1620f139fd87d0b9eb
      size: 1119
    - path: split.py
      md5: 62ba19d98a2fac978f81d7ff7b4e0a70
      size: 1192
    params:
      params.yaml:
        prepare.min_split: 48
        prepare.num_est: 100
    outs:
    - path: photos-test.csv
      md5: 012d63ebb79cbf475c14ba8f3c2078d5
      size: 345
    - path: photos-train.csv
      md5: bc0884988797a71c9e7dee2d95fb448b
      size: 774
  featurize:
    cmd: python featurize.py photos-train.csv photos-train-feats.csv
    deps:
    - path: featurize.py
      md5: 312f8afca69cd16bb06ece7246ce6e58
      size: 1352
    - path: photos-train.csv
      md5: bc0884988797a71c9e7dee2d95fb448b
      size: 774
    params:
      params.yaml:
        featurize.batch_size: 949
        featurize.estimators: 143
        featurize.layers: 1
        featurize.sample: 0.75
        featurize.tags: 119
        featurize.trees: 42
    outs:
    - path: photos-train-feats.csv
      md5: 95baa8bede75d384d618eb525eb7a442
      size: 269
  train:
    cmd: python train.py photos-train-feats.csv model.json
    deps:
    - path: photos-train-feats.csv
      md5: 95baa8bede75d384d618eb525eb7a442
      size: 269
    - path: train.py
      md5: 3284bbc7d70786e00780e70a779daa9f
      size: 1598
    params:
      params.yaml:
        model.columns: 21
        model.estimators: 106
        model.features: 1760
        model.sample: 0.5
        model.split: 0.1
        train.features: 1430
        train.layers: 2
        train.num_est: 250
        train.random_state: 901000000
        train.weight_factor: 0.3
        validation.batch_size: 848
        validation.features: 1030
        validation.max_depth: 16
        validation.random_state: 512000000
    outs:
    - path: model.json
      md5: b3b2bcef1f6f34de707b24abb89a552a
      size: 802
  evaluate:
    cmd: python evaluate.py model.json photos-test.csv
    deps:
    - path: evaluate.py
      md5: 6f3c2952f6c21dd3ac8c94a817536666
      size: 42066
    - path: model.json
      md5: b3b2bcef1f6f34de707b24abb89a552a
      size: 802
    - path: photos-test.csv
      md5: 012d63ebb79cbf475c14ba8f3c2078d5
      size: 345
    outs:
    - path: metrics.json
      md5: 26298264551d8e42649ba3f19e985be6
      size: 567
