schema: '2.0'
stages:
  split:
    cmd: python split.py photos.csv photos-train.csv photos-test.csv
    deps:
    - path: photos.csv
      md5: 4538e0fbc01d296bc01878cbba5b8997
      size: 2375
    - path: split.py
      md5: dc67fc3db2d6dbf60d51312900ebbf7d
      size: 1274
    params:
      params.yaml:
        prepare.dense: 500
        prepare.ngrams: 2
        prepare.split: 0.2
        prepare.tags: 35
    outs:
    - path: photos-test.csv
      md5: 53cb3c3ecb0b240136683b4a3e1a07dc
      size: 755
    - path: photos-train.csv
      md5: f9980aa5a31759be60d3cdc717ba8c8d
      size: 1620
  featurize:
    cmd: python featurize.py photos-train.csv photos-train-feats.csv
    deps:
    - path: featurize.py
      md5: 9a63f206c731a6327fde021864526f05
      size: 698
    - path: photos-train.csv
      md5: f9980aa5a31759be60d3cdc717ba8c8d
      size: 1620
    outs:
    - path: photos-train-feats.csv
      md5: 09a3e56cacac8788ad219108f8832222
      size: 46
  train:
    cmd: python train.py photos-train-feats.csv model.json
    deps:
    - path: photos-train-feats.csv
      md5: 09a3e56cacac8788ad219108f8832222
      size: 46
    - path: train.py
      md5: 4834a6f6f2690ec46d637b84f6e451fa
      size: 1997
    params:
      params.yaml:
        model.drop: 0.3
        model.features: 2010
        model.learning_rate: 0.13
        model.min_split: 24
        model.num_est: 201
        preprocessing.epochs: 15
        preprocessing.folds: 9
        preprocessing.max_features: 5000
        preprocessing.min_split: 80
        preprocessing.ngrams: 8
        preprocessing.num_est: 100
        preprocessing.passes: 52
        preprocessing.tags: 126
        preprocessing.weight_factor: 0.1
        validation.batch_size: 112
        validation.drop: 0.2
        validation.max_depth: 16
        validation.passes: 94
        validation.sample: 0.75
        variables.epochs: 5
        variables.max_features: 3300
        variables.sample: 1.0
        variables.threads: 19
    outs:
    - path: model.json
      md5: 0ab4f72b880dad824d9f30ef21e72341
      size: 948
  evaluate:
    cmd: python evaluate.py model.json photos-test.csv
    deps:
    - path: evaluate.py
      md5: 0fc9e02fea51448bf4f726dadc6f819a
      size: 41993
    - path: model.json
      md5: 0ab4f72b880dad824d9f30ef21e72341
      size: 948
    - path: photos-test.csv
      md5: 53cb3c3ecb0b240136683b4a3e1a07dc
      size: 755
    outs:
    - path: metrics.json
      md5: 684f6a04b9389ed2ffe64a3df5b6ac9a
      size: 486
