schema: '2.0'
stages:
  split:
    cmd: python split.py photos.csv photos-train.csv photos-test.csv
    deps:
    - path: photos.csv
      md5: ce33a68d919492a73682497ae7f512fa
      size: 1734
    - path: split.py
      md5: dc67fc3db2d6dbf60d51312900ebbf7d
      size: 1274
    params:
      params.yaml:
        prepare.dense: 500
        prepare.ngrams: 2
        prepare.split: 0.2
        prepare.tags: 35
    outs:
    - path: photos-test.csv
      md5: 7a6870c133a3496425103878f7452be9
      size: 548
    - path: photos-train.csv
      md5: 96d57a11a5da135bf5c965b4d4434bd7
      size: 1186
  featurize:
    cmd: python featurize.py photos-train.csv photos-train-feats.csv
    deps:
    - path: featurize.py
      md5: 7b2a95111520e5fb198f97e83665bb11
      size: 698
    - path: photos-train.csv
      md5: 96d57a11a5da135bf5c965b4d4434bd7
      size: 1186
    outs:
    - path: photos-train-feats.csv
      md5: 2f2a68e1d4c9a8150a4cf93de0a21a26
      size: 46
  train:
    cmd: python train.py photos-train-feats.csv model.json
    deps:
    - path: photos-train-feats.csv
      md5: 2f2a68e1d4c9a8150a4cf93de0a21a26
      size: 46
    - path: train.py
      md5: 7500c5d9d6b5841c094e14e038806644
      size: 1997
    params:
      params.yaml:
        model.drop: 0.3
        model.features: 2030
        model.learning_rate: 0.13
        model.min_split: 32
        model.num_est: 225
        preprocessing.epochs: 15
        preprocessing.folds: 9
        preprocessing.max_features: 5000
        preprocessing.min_split: 80
        preprocessing.ngrams: 8
        preprocessing.num_est: 100
        preprocessing.passes: 52
        preprocessing.tags: 126
        preprocessing.weight_factor: 0.1
        validation.batch_size: 112
        validation.drop: 0.2
        validation.max_depth: 16
        validation.passes: 94
        validation.sample: 0.75
        variables.epochs: 5
        variables.max_features: 3300
        variables.sample: 1.0
        variables.threads: 19
    outs:
    - path: model.json
      md5: 877637c611c09b0d8466e88fd44a0144
      size: 948
  evaluate:
    cmd: python evaluate.py model.json photos-test.csv
    deps:
    - path: evaluate.py
      md5: 0fc9e02fea51448bf4f726dadc6f819a
      size: 41993
    - path: model.json
      md5: 877637c611c09b0d8466e88fd44a0144
      size: 948
    - path: photos-test.csv
      md5: 7a6870c133a3496425103878f7452be9
      size: 548
    outs:
    - path: metrics.json
      md5: f1e4c100d37f92f904bfcad93a045ed3
      size: 483
