schema: '2.0'
stages:
  split:
    cmd: python split.py photos.csv photos-train.csv photos-test.csv
    deps:
    - path: photos.csv
      md5: a181e156773daf1620f139fd87d0b9eb
      size: 1119
    - path: split.py
      md5: b3a178d35c7926190fb8bdce5b7681d5
      size: 713
    outs:
    - path: photos-test.csv
      md5: 012d63ebb79cbf475c14ba8f3c2078d5
      size: 345
    - path: photos-train.csv
      md5: bc0884988797a71c9e7dee2d95fb448b
      size: 774
  featurize:
    cmd: python featurize.py photos-train.csv photos-train-feats.csv
    deps:
    - path: featurize.py
      md5: 402f79055844251397e2ac532994c7e5
      size: 698
    - path: photos-train.csv
      md5: bc0884988797a71c9e7dee2d95fb448b
      size: 774
    outs:
    - path: photos-train-feats.csv
      md5: 478d3211318fb54d2f61df40df2d5e78
      size: 46
  train:
    cmd: python train.py photos-train-feats.csv model.json
    deps:
    - path: photos-train-feats.csv
      md5: 478d3211318fb54d2f61df40df2d5e78
      size: 46
    - path: train.py
      md5: f06592ecaa7e401b91448b7e2b706cbc
      size: 1426
    params:
      params.yaml:
        batch_size: 304
        columns: 9
        epochs: 10
        estimators: 211
        folds: 6
        layers: 2
        max_depth: 24
        min_split: 48
        random_state: 96000000
        sample: 0.5
        seed: 924250000
        weight_factor: 0.1
    outs:
    - path: model.json
      md5: e9d630487ef9868cb86220efd82bba1b
      size: 398
  evaluate:
    cmd: python evaluate.py model.json photos-test.csv
    deps:
    - path: evaluate.py
      md5: d97125b9ca2d8c54b516abbe198e7d22
      size: 41918
    - path: model.json
      md5: e9d630487ef9868cb86220efd82bba1b
      size: 398
    - path: photos-test.csv
      md5: 012d63ebb79cbf475c14ba8f3c2078d5
      size: 345
    outs:
    - path: metrics.json
      md5: 33ed6bf914776fb7dc6693c18aa388eb
      size: 353
